
Microsoft Visual Studio Solution File, Format Version 12.00
# Visual Studio 2013
VisualStudioVersion = 12.0.20617.1 PREVIEW
MinimumVisualStudioVersion = 10.0.40219.1
Project("{FAE04EC0-301F-11D3-BF4B-00C04F79EFBC}") = "ORMPerformanceTest.TestData", "ORMPerformanceTest.TestData\ORMPerformanceTest.TestData.csproj", "{7B1F29C7-4231-4841-A247-C83E794C90DF}"
EndProject
Project("{FAE04EC0-301F-11D3-BF4B-00C04F79EFBC}") = "TestData.Test", "TestData.Test\TestData.Test.csproj", "{95AA964A-404E-4D49-992E-FBB3C4CCE6E8}"
EndProject
Project("{2150E333-8FDC-42A3-9474-1A3956D46DE8}") = "Tests", "Tests", "{51F5C371-C336-4788-AE36-7301C69CF03F}"
EndProject
Project("{FAE04EC0-301F-11D3-BF4B-00C04F79EFBC}") = "ORMPerformanceTest.Tests", "ORMPerformanceTest.Tests\ORMPerformanceTest.Tests.csproj", "{19BDC953-9773-4A76-9534-0F92B303352F}"
EndProject
Project("{FAE04EC0-301F-11D3-BF4B-00C04F79EFBC}") = "PerformanceTestConsole", "PerformanceTestConsole\PerformanceTestConsole.csproj", "{C03636B1-343E-473B-96EC-5911BF5883F5}"
EndProject
Global
	GlobalSection(SolutionConfigurationPlatforms) = preSolution
		Debug|Any CPU = Debug|Any CPU
		Release|Any CPU = Release|Any CPU
	EndGlobalSection
	GlobalSection(ProjectConfigurationPlatforms) = postSolution
		{7B1F29C7-4231-4841-A247-C83E794C90DF}.Debug|Any CPU.ActiveCfg = Debug|Any CPU
		{7B1F29C7-4231-4841-A247-C83E794C90DF}.Debug|Any CPU.Build.0 = Debug|Any CPU
		{7B1F29C7-4231-4841-A247-C83E794C90DF}.Release|Any CPU.ActiveCfg = Release|Any CPU
		{7B1F29C7-4231-4841-A247-C83E794C90DF}.Release|Any CPU.Build.0 = Release|Any CPU
		{95AA964A-404E-4D49-992E-FBB3C4CCE6E8}.Debug|Any CPU.ActiveCfg = Debug|Any CPU
		{95AA964A-404E-4D49-992E-FBB3C4CCE6E8}.Debug|Any CPU.Build.0 = Debug|Any CPU
		{95AA964A-404E-4D49-992E-FBB3C4CCE6E8}.Release|Any CPU.ActiveCfg = Release|Any CPU
		{95AA964A-404E-4D49-992E-FBB3C4CCE6E8}.Release|Any CPU.Build.0 = Release|Any CPU
		{19BDC953-9773-4A76-9534-0F92B303352F}.Debug|Any CPU.ActiveCfg = Debug|Any CPU
		{19BDC953-9773-4A76-9534-0F92B303352F}.Debug|Any CPU.Build.0 = Debug|Any CPU
		{19BDC953-9773-4A76-9534-0F92B303352F}.Release|Any CPU.ActiveCfg = Release|Any CPU
		{19BDC953-9773-4A76-9534-0F92B303352F}.Release|Any CPU.Build.0 = Release|Any CPU
		{C03636B1-343E-473B-96EC-5911BF5883F5}.Debug|Any CPU.ActiveCfg = Debug|Any CPU
		{C03636B1-343E-473B-96EC-5911BF5883F5}.Debug|Any CPU.Build.0 = Debug|Any CPU
		{C03636B1-343E-473B-96EC-5911BF5883F5}.Release|Any CPU.ActiveCfg = Release|Any CPU
		{C03636B1-343E-473B-96EC-5911BF5883F5}.Release|Any CPU.Build.0 = Release|Any CPU
	EndGlobalSection
	GlobalSection(SolutionProperties) = preSolution
		HideSolutionNode = FALSE
	EndGlobalSection
	GlobalSection(NestedProjects) = preSolution
		{95AA964A-404E-4D49-992E-FBB3C4CCE6E8} = {51F5C371-C336-4788-AE36-7301C69CF03F}
		{C03636B1-343E-473B-96EC-5911BF5883F5} = {51F5C371-C336-4788-AE36-7301C69CF03F}
	EndGlobalSection
EndGlobal
